{
  "lockfileVersion": 1,
  "workspaces": {
    "": {
      "name": "appflowsync",
      "dependencies": {
        "@inquirer/prompts": "^7.6.0",
        "chalk": "^5.4.1",
        "playwright": "^1.53.1",
        "sharp": "^0.34.2",
      },
      "devDependencies": {
        "@types/bun": "latest",
      },
      "peerDependencies": {
        "typescript": "^5",
      },
    },
  },
  "packages": {
    "@emnapi/runtime": ["@emnapi/runtime@1.4.3", "", { "dependencies": { "tslib": "^2.4.0" } }, "sha512-pBPWdu6MLKROBX05wSNKcNb++m5Er+KQ9QkB+WVM+pW2Kx9hoSrVTnu3BdkI5eBLZoKu/J6mW/B6i6bJB2ytXQ=="],

    "@img/sharp-darwin-arm64": ["@img/sharp-darwin-arm64@0.34.2", "", { "optionalDependencies": { "@img/sharp-libvips-darwin-arm64": "1.1.0" }, "os": "darwin", "cpu": "arm64" }, "sha512-OfXHZPppddivUJnqyKoi5YVeHRkkNE2zUFT2gbpKxp/JZCFYEYubnMg+gOp6lWfasPrTS+KPosKqdI+ELYVDtg=="],

    "@img/sharp-darwin-x64": ["@img/sharp-darwin-x64@0.34.2", "", { "optionalDependencies": { "@img/sharp-libvips-darwin-x64": "1.1.0" }, "os": "darwin", "cpu": "x64" }, "sha512-dYvWqmjU9VxqXmjEtjmvHnGqF8GrVjM2Epj9rJ6BUIXvk8slvNDJbhGFvIoXzkDhrJC2jUxNLz/GUjjvSzfw+g=="],

    "@img/sharp-libvips-darwin-arm64": ["@img/sharp-libvips-darwin-arm64@1.1.0", "", { "os": "darwin", "cpu": "arm64" }, "sha512-HZ/JUmPwrJSoM4DIQPv/BfNh9yrOA8tlBbqbLz4JZ5uew2+o22Ik+tHQJcih7QJuSa0zo5coHTfD5J8inqj9DA=="],

    "@img/sharp-libvips-darwin-x64": ["@img/sharp-libvips-darwin-x64@1.1.0", "", { "os": "darwin", "cpu": "x64" }, "sha512-Xzc2ToEmHN+hfvsl9wja0RlnXEgpKNmftriQp6XzY/RaSfwD9th+MSh0WQKzUreLKKINb3afirxW7A0fz2YWuQ=="],

    "@img/sharp-libvips-linux-arm": ["@img/sharp-libvips-linux-arm@1.1.0", "", { "os": "linux", "cpu": "arm" }, "sha512-s8BAd0lwUIvYCJyRdFqvsj+BJIpDBSxs6ivrOPm/R7piTs5UIwY5OjXrP2bqXC9/moGsyRa37eYWYCOGVXxVrA=="],

    "@img/sharp-libvips-linux-arm64": ["@img/sharp-libvips-linux-arm64@1.1.0", "", { "os": "linux", "cpu": "arm64" }, "sha512-IVfGJa7gjChDET1dK9SekxFFdflarnUB8PwW8aGwEoF3oAsSDuNUTYS+SKDOyOJxQyDC1aPFMuRYLoDInyV9Ew=="],

    "@img/sharp-libvips-linux-ppc64": ["@img/sharp-libvips-linux-ppc64@1.1.0", "", { "os": "linux", "cpu": "ppc64" }, "sha512-tiXxFZFbhnkWE2LA8oQj7KYR+bWBkiV2nilRldT7bqoEZ4HiDOcePr9wVDAZPi/Id5fT1oY9iGnDq20cwUz8lQ=="],

    "@img/sharp-libvips-linux-s390x": ["@img/sharp-libvips-linux-s390x@1.1.0", "", { "os": "linux", "cpu": "s390x" }, "sha512-xukSwvhguw7COyzvmjydRb3x/09+21HykyapcZchiCUkTThEQEOMtBj9UhkaBRLuBrgLFzQ2wbxdeCCJW/jgJA=="],

    "@img/sharp-libvips-linux-x64": ["@img/sharp-libvips-linux-x64@1.1.0", "", { "os": "linux", "cpu": "x64" }, "sha512-yRj2+reB8iMg9W5sULM3S74jVS7zqSzHG3Ol/twnAAkAhnGQnpjj6e4ayUz7V+FpKypwgs82xbRdYtchTTUB+Q=="],

    "@img/sharp-libvips-linuxmusl-arm64": ["@img/sharp-libvips-linuxmusl-arm64@1.1.0", "", { "os": "linux", "cpu": "arm64" }, "sha512-jYZdG+whg0MDK+q2COKbYidaqW/WTz0cc1E+tMAusiDygrM4ypmSCjOJPmFTvHHJ8j/6cAGyeDWZOsK06tP33w=="],

    "@img/sharp-libvips-linuxmusl-x64": ["@img/sharp-libvips-linuxmusl-x64@1.1.0", "", { "os": "linux", "cpu": "x64" }, "sha512-wK7SBdwrAiycjXdkPnGCPLjYb9lD4l6Ze2gSdAGVZrEL05AOUJESWU2lhlC+Ffn5/G+VKuSm6zzbQSzFX/P65A=="],

    "@img/sharp-linux-arm": ["@img/sharp-linux-arm@0.34.2", "", { "optionalDependencies": { "@img/sharp-libvips-linux-arm": "1.1.0" }, "os": "linux", "cpu": "arm" }, "sha512-0DZzkvuEOqQUP9mo2kjjKNok5AmnOr1jB2XYjkaoNRwpAYMDzRmAqUIa1nRi58S2WswqSfPOWLNOr0FDT3H5RQ=="],

    "@img/sharp-linux-arm64": ["@img/sharp-linux-arm64@0.34.2", "", { "optionalDependencies": { "@img/sharp-libvips-linux-arm64": "1.1.0" }, "os": "linux", "cpu": "arm64" }, "sha512-D8n8wgWmPDakc83LORcfJepdOSN6MvWNzzz2ux0MnIbOqdieRZwVYY32zxVx+IFUT8er5KPcyU3XXsn+GzG/0Q=="],

    "@img/sharp-linux-s390x": ["@img/sharp-linux-s390x@0.34.2", "", { "optionalDependencies": { "@img/sharp-libvips-linux-s390x": "1.1.0" }, "os": "linux", "cpu": "s390x" }, "sha512-EGZ1xwhBI7dNISwxjChqBGELCWMGDvmxZXKjQRuqMrakhO8QoMgqCrdjnAqJq/CScxfRn+Bb7suXBElKQpPDiw=="],

    "@img/sharp-linux-x64": ["@img/sharp-linux-x64@0.34.2", "", { "optionalDependencies": { "@img/sharp-libvips-linux-x64": "1.1.0" }, "os": "linux", "cpu": "x64" }, "sha512-sD7J+h5nFLMMmOXYH4DD9UtSNBD05tWSSdWAcEyzqW8Cn5UxXvsHAxmxSesYUsTOBmUnjtxghKDl15EvfqLFbQ=="],

    "@img/sharp-linuxmusl-arm64": ["@img/sharp-linuxmusl-arm64@0.34.2", "", { "optionalDependencies": { "@img/sharp-libvips-linuxmusl-arm64": "1.1.0" }, "os": "linux", "cpu": "arm64" }, "sha512-NEE2vQ6wcxYav1/A22OOxoSOGiKnNmDzCYFOZ949xFmrWZOVII1Bp3NqVVpvj+3UeHMFyN5eP/V5hzViQ5CZNA=="],

    "@img/sharp-linuxmusl-x64": ["@img/sharp-linuxmusl-x64@0.34.2", "", { "optionalDependencies": { "@img/sharp-libvips-linuxmusl-x64": "1.1.0" }, "os": "linux", "cpu": "x64" }, "sha512-DOYMrDm5E6/8bm/yQLCWyuDJwUnlevR8xtF8bs+gjZ7cyUNYXiSf/E8Kp0Ss5xasIaXSHzb888V1BE4i1hFhAA=="],

    "@img/sharp-wasm32": ["@img/sharp-wasm32@0.34.2", "", { "dependencies": { "@emnapi/runtime": "^1.4.3" }, "cpu": "none" }, "sha512-/VI4mdlJ9zkaq53MbIG6rZY+QRN3MLbR6usYlgITEzi4Rpx5S6LFKsycOQjkOGmqTNmkIdLjEvooFKwww6OpdQ=="],

    "@img/sharp-win32-arm64": ["@img/sharp-win32-arm64@0.34.2", "", { "os": "win32", "cpu": "arm64" }, "sha512-cfP/r9FdS63VA5k0xiqaNaEoGxBg9k7uE+RQGzuK9fHt7jib4zAVVseR9LsE4gJcNWgT6APKMNnCcnyOtmSEUQ=="],

    "@img/sharp-win32-ia32": ["@img/sharp-win32-ia32@0.34.2", "", { "os": "win32", "cpu": "ia32" }, "sha512-QLjGGvAbj0X/FXl8n1WbtQ6iVBpWU7JO94u/P2M4a8CFYsvQi4GW2mRy/JqkRx0qpBzaOdKJKw8uc930EX2AHw=="],

    "@img/sharp-win32-x64": ["@img/sharp-win32-x64@0.34.2", "", { "os": "win32", "cpu": "x64" }, "sha512-aUdT6zEYtDKCaxkofmmJDJYGCf0+pJg3eU9/oBuqvEeoB9dKI6ZLc/1iLJCTuJQDO4ptntAlkUmHgGjyuobZbw=="],

    "@inquirer/checkbox": ["@inquirer/checkbox@4.1.9", "", { "dependencies": { "@inquirer/core": "^10.1.14", "@inquirer/figures": "^1.0.12", "@inquirer/type": "^3.0.7", "ansi-escapes": "^4.3.2", "yoctocolors-cjs": "^2.1.2" }, "peerDependencies": { "@types/node": ">=18" }, "optionalPeers": ["@types/node"] }, "sha512-DBJBkzI5Wx4jFaYm221LHvAhpKYkhVS0k9plqHwaHhofGNxvYB7J3Bz8w+bFJ05zaMb0sZNHo4KdmENQFlNTuQ=="],

    "@inquirer/confirm": ["@inquirer/confirm@5.1.13", "", { "dependencies": { "@inquirer/core": "^10.1.14", "@inquirer/type": "^3.0.7" }, "peerDependencies": { "@types/node": ">=18" }, "optionalPeers": ["@types/node"] }, "sha512-EkCtvp67ICIVVzjsquUiVSd+V5HRGOGQfsqA4E4vMWhYnB7InUL0pa0TIWt1i+OfP16Gkds8CdIu6yGZwOM1Yw=="],

    "@inquirer/core": ["@inquirer/core@10.1.14", "", { "dependencies": { "@inquirer/figures": "^1.0.12", "@inquirer/type": "^3.0.7", "ansi-escapes": "^4.3.2", "cli-width": "^4.1.0", "mute-stream": "^2.0.0", "signal-exit": "^4.1.0", "wrap-ansi": "^6.2.0", "yoctocolors-cjs": "^2.1.2" }, "peerDependencies": { "@types/node": ">=18" }, "optionalPeers": ["@types/node"] }, "sha512-Ma+ZpOJPewtIYl6HZHZckeX1STvDnHTCB2GVINNUlSEn2Am6LddWwfPkIGY0IUFVjUUrr/93XlBwTK6mfLjf0A=="],

    "@inquirer/editor": ["@inquirer/editor@4.2.14", "", { "dependencies": { "@inquirer/core": "^10.1.14", "@inquirer/type": "^3.0.7", "external-editor": "^3.1.0" }, "peerDependencies": { "@types/node": ">=18" }, "optionalPeers": ["@types/node"] }, "sha512-yd2qtLl4QIIax9DTMZ1ZN2pFrrj+yL3kgIWxm34SS6uwCr0sIhsNyudUjAo5q3TqI03xx4SEBkUJqZuAInp9uA=="],

    "@inquirer/expand": ["@inquirer/expand@4.0.16", "", { "dependencies": { "@inquirer/core": "^10.1.14", "@inquirer/type": "^3.0.7", "yoctocolors-cjs": "^2.1.2" }, "peerDependencies": { "@types/node": ">=18" }, "optionalPeers": ["@types/node"] }, "sha512-oiDqafWzMtofeJyyGkb1CTPaxUkjIcSxePHHQCfif8t3HV9pHcw1Kgdw3/uGpDvaFfeTluwQtWiqzPVjAqS3zA=="],

    "@inquirer/figures": ["@inquirer/figures@1.0.12", "", {}, "sha512-MJttijd8rMFcKJC8NYmprWr6hD3r9Gd9qUC0XwPNwoEPWSMVJwA2MlXxF+nhZZNMY+HXsWa+o7KY2emWYIn0jQ=="],

    "@inquirer/input": ["@inquirer/input@4.2.0", "", { "dependencies": { "@inquirer/core": "^10.1.14", "@inquirer/type": "^3.0.7" }, "peerDependencies": { "@types/node": ">=18" }, "optionalPeers": ["@types/node"] }, "sha512-opqpHPB1NjAmDISi3uvZOTrjEEU5CWVu/HBkDby8t93+6UxYX0Z7Ps0Ltjm5sZiEbWenjubwUkivAEYQmy9xHw=="],

    "@inquirer/number": ["@inquirer/number@3.0.16", "", { "dependencies": { "@inquirer/core": "^10.1.14", "@inquirer/type": "^3.0.7" }, "peerDependencies": { "@types/node": ">=18" }, "optionalPeers": ["@types/node"] }, "sha512-kMrXAaKGavBEoBYUCgualbwA9jWUx2TjMA46ek+pEKy38+LFpL9QHlTd8PO2kWPUgI/KB+qi02o4y2rwXbzr3Q=="],

    "@inquirer/password": ["@inquirer/password@4.0.16", "", { "dependencies": { "@inquirer/core": "^10.1.14", "@inquirer/type": "^3.0.7", "ansi-escapes": "^4.3.2" }, "peerDependencies": { "@types/node": ">=18" }, "optionalPeers": ["@types/node"] }, "sha512-g8BVNBj5Zeb5/Y3cSN+hDUL7CsIFDIuVxb9EPty3lkxBaYpjL5BNRKSYOF9yOLe+JOcKFd+TSVeADQ4iSY7rbg=="],

    "@inquirer/prompts": ["@inquirer/prompts@7.6.0", "", { "dependencies": { "@inquirer/checkbox": "^4.1.9", "@inquirer/confirm": "^5.1.13", "@inquirer/editor": "^4.2.14", "@inquirer/expand": "^4.0.16", "@inquirer/input": "^4.2.0", "@inquirer/number": "^3.0.16", "@inquirer/password": "^4.0.16", "@inquirer/rawlist": "^4.1.4", "@inquirer/search": "^3.0.16", "@inquirer/select": "^4.2.4" }, "peerDependencies": { "@types/node": ">=18" }, "optionalPeers": ["@types/node"] }, "sha512-jAhL7tyMxB3Gfwn4HIJ0yuJ5pvcB5maYUcouGcgd/ub79f9MqZ+aVnBtuFf+VC2GTkCBF+R+eo7Vi63w5VZlzw=="],

    "@inquirer/rawlist": ["@inquirer/rawlist@4.1.4", "", { "dependencies": { "@inquirer/core": "^10.1.14", "@inquirer/type": "^3.0.7", "yoctocolors-cjs": "^2.1.2" }, "peerDependencies": { "@types/node": ">=18" }, "optionalPeers": ["@types/node"] }, "sha512-5GGvxVpXXMmfZNtvWw4IsHpR7RzqAR624xtkPd1NxxlV5M+pShMqzL4oRddRkg8rVEOK9fKdJp1jjVML2Lr7TQ=="],

    "@inquirer/search": ["@inquirer/search@3.0.16", "", { "dependencies": { "@inquirer/core": "^10.1.14", "@inquirer/figures": "^1.0.12", "@inquirer/type": "^3.0.7", "yoctocolors-cjs": "^2.1.2" }, "peerDependencies": { "@types/node": ">=18" }, "optionalPeers": ["@types/node"] }, "sha512-POCmXo+j97kTGU6aeRjsPyuCpQQfKcMXdeTMw708ZMtWrj5aykZvlUxH4Qgz3+Y1L/cAVZsSpA+UgZCu2GMOMg=="],

    "@inquirer/select": ["@inquirer/select@4.2.4", "", { "dependencies": { "@inquirer/core": "^10.1.14", "@inquirer/figures": "^1.0.12", "@inquirer/type": "^3.0.7", "ansi-escapes": "^4.3.2", "yoctocolors-cjs": "^2.1.2" }, "peerDependencies": { "@types/node": ">=18" }, "optionalPeers": ["@types/node"] }, "sha512-unTppUcTjmnbl/q+h8XeQDhAqIOmwWYWNyiiP2e3orXrg6tOaa5DHXja9PChCSbChOsktyKgOieRZFnajzxoBg=="],

    "@inquirer/type": ["@inquirer/type@3.0.7", "", { "peerDependencies": { "@types/node": ">=18" }, "optionalPeers": ["@types/node"] }, "sha512-PfunHQcjwnju84L+ycmcMKB/pTPIngjUJvfnRhKY6FKPuYXlM4aQCb/nIdTFR6BEhMjFvngzvng/vBAJMZpLSA=="],

    "@types/bun": ["@types/bun@1.2.17", "", { "dependencies": { "bun-types": "1.2.17" } }, "sha512-l/BYs/JYt+cXA/0+wUhulYJB6a6p//GTPiJ7nV+QHa8iiId4HZmnu/3J/SowP5g0rTiERY2kfGKXEK5Ehltx4Q=="],

    "@types/node": ["@types/node@24.0.7", "", { "dependencies": { "undici-types": "~7.8.0" } }, "sha512-YIEUUr4yf8q8oQoXPpSlnvKNVKDQlPMWrmOcgzoduo7kvA2UF0/BwJ/eMKFTiTtkNL17I0M6Xe2tvwFU7be6iw=="],

    "ansi-escapes": ["ansi-escapes@4.3.2", "", { "dependencies": { "type-fest": "^0.21.3" } }, "sha512-gKXj5ALrKWQLsYG9jlTRmR/xKluxHV+Z9QEwNIgCfM1/uwPMCuzVVnh5mwTd+OuBZcwSIMbqssNWRm1lE51QaQ=="],

    "ansi-regex": ["ansi-regex@5.0.1", "", {}, "sha512-quJQXlTSUGL2LH9SUXo8VwsY4soanhgo6LNSm84E1LBcE8s3O0wpdiRzyR9z/ZZJMlMWv37qOOb9pdJlMUEKFQ=="],

    "ansi-styles": ["ansi-styles@4.3.0", "", { "dependencies": { "color-convert": "^2.0.1" } }, "sha512-zbB9rCJAT1rbjiVDb2hqKFHNYLxgtk8NURxZ3IZwD3F6NtxbXZQCnnSi1Lkx+IDohdPlFp222wVALIheZJQSEg=="],

    "bun-types": ["bun-types@1.2.17", "", { "dependencies": { "@types/node": "*" } }, "sha512-ElC7ItwT3SCQwYZDYoAH+q6KT4Fxjl8DtZ6qDulUFBmXA8YB4xo+l54J9ZJN+k2pphfn9vk7kfubeSd5QfTVJQ=="],

    "chalk": ["chalk@5.4.1", "", {}, "sha512-zgVZuo2WcZgfUEmsn6eO3kINexW8RAE4maiQ8QNs8CtpPCSyMiYsULR3HQYkm3w8FIA3SberyMJMSldGsW+U3w=="],

    "chardet": ["chardet@0.7.0", "", {}, "sha512-mT8iDcrh03qDGRRmoA2hmBJnxpllMR+0/0qlzjqZES6NdiWDcZkCNAk4rPFZ9Q85r27unkiNNg8ZOiwZXBHwcA=="],

    "cli-width": ["cli-width@4.1.0", "", {}, "sha512-ouuZd4/dm2Sw5Gmqy6bGyNNNe1qt9RpmxveLSO7KcgsTnU7RXfsw+/bukWGo1abgBiMAic068rclZsO4IWmmxQ=="],

    "color": ["color@4.2.3", "", { "dependencies": { "color-convert": "^2.0.1", "color-string": "^1.9.0" } }, "sha512-1rXeuUUiGGrykh+CeBdu5Ie7OJwinCgQY0bc7GCRxy5xVHy+moaqkpL/jqQq0MtQOeYcrqEz4abc5f0KtU7W4A=="],

    "color-convert": ["color-convert@2.0.1", "", { "dependencies": { "color-name": "~1.1.4" } }, "sha512-RRECPsj7iu/xb5oKYcsFHSppFNnsj/52OVTRKb4zP5onXwVF3zVmmToNcOfGC+CRDpfK/U584fMg38ZHCaElKQ=="],

    "color-name": ["color-name@1.1.4", "", {}, "sha512-dOy+3AuW3a2wNbZHIuMZpTcgjGuLU/uBL/ubcZF9OXbDo8ff4O8yVp5Bf0efS8uEoYo5q4Fx7dY9OgQGXgAsQA=="],

    "color-string": ["color-string@1.9.1", "", { "dependencies": { "color-name": "^1.0.0", "simple-swizzle": "^0.2.2" } }, "sha512-shrVawQFojnZv6xM40anx4CkoDP+fZsw/ZerEMsW/pyzsRbElpsL/DBVW7q3ExxwusdNXI3lXpuhEZkzs8p5Eg=="],

    "detect-libc": ["detect-libc@2.0.4", "", {}, "sha512-3UDv+G9CsCKO1WKMGw9fwq/SWJYbI0c5Y7LU1AXYoDdbhE2AHQ6N6Nb34sG8Fj7T5APy8qXDCKuuIHd1BR0tVA=="],

    "emoji-regex": ["emoji-regex@8.0.0", "", {}, "sha512-MSjYzcWNOA0ewAHpz0MxpYFvwg6yjy1NG3xteoqz644VCo/RPgnr1/GGt+ic3iJTzQ8Eu3TdM14SawnVUmGE6A=="],

    "external-editor": ["external-editor@3.1.0", "", { "dependencies": { "chardet": "^0.7.0", "iconv-lite": "^0.4.24", "tmp": "^0.0.33" } }, "sha512-hMQ4CX1p1izmuLYyZqLMO/qGNw10wSv9QDCPfzXfyFrOaCSSoRfqE1Kf1s5an66J5JZC62NewG+mK49jOCtQew=="],

    "fsevents": ["fsevents@2.3.2", "", { "os": "darwin" }, "sha512-xiqMQR4xAeHTuB9uWm+fFRcIOgKBMiOBP+eXiyT7jsgVCq1bkVygt00oASowB7EdtpOHaaPgKt812P9ab+DDKA=="],

    "iconv-lite": ["iconv-lite@0.4.24", "", { "dependencies": { "safer-buffer": ">= 2.1.2 < 3" } }, "sha512-v3MXnZAcvnywkTUEZomIActle7RXXeedOR31wwl7VlyoXO4Qi9arvSenNQWne1TcRwhCL1HwLI21bEqdpj8/rA=="],

    "is-arrayish": ["is-arrayish@0.3.2", "", {}, "sha512-eVRqCvVlZbuw3GrM63ovNSNAeA1K16kaR/LRY/92w0zxQ5/1YzwblUX652i4Xs9RwAGjW9d9y6X88t8OaAJfWQ=="],

    "is-fullwidth-code-point": ["is-fullwidth-code-point@3.0.0", "", {}, "sha512-zymm5+u+sCsSWyD9qNaejV3DFvhCKclKdizYaJUuHA83RLjb7nSuGnddCHGv0hk+KY7BMAlsWeK4Ueg6EV6XQg=="],

    "mute-stream": ["mute-stream@2.0.0", "", {}, "sha512-WWdIxpyjEn+FhQJQQv9aQAYlHoNVdzIzUySNV1gHUPDSdZJ3yZn7pAAbQcV7B56Mvu881q9FZV+0Vx2xC44VWA=="],

    "os-tmpdir": ["os-tmpdir@1.0.2", "", {}, "sha512-D2FR03Vir7FIu45XBY20mTb+/ZSWB00sjU9jdQXt83gDrI4Ztz5Fs7/yy74g2N5SVQY4xY1qDr4rNddwYRVX0g=="],

    "playwright": ["playwright@1.53.1", "", { "dependencies": { "playwright-core": "1.53.1" }, "optionalDependencies": { "fsevents": "2.3.2" }, "bin": { "playwright": "cli.js" } }, "sha512-LJ13YLr/ocweuwxyGf1XNFWIU4M2zUSo149Qbp+A4cpwDjsxRPj7k6H25LBrEHiEwxvRbD8HdwvQmRMSvquhYw=="],

    "playwright-core": ["playwright-core@1.53.1", "", { "bin": { "playwright-core": "cli.js" } }, "sha512-Z46Oq7tLAyT0lGoFx4DOuB1IA9D1TPj0QkYxpPVUnGDqHHvDpCftu1J2hM2PiWsNMoZh8+LQaarAWcDfPBc6zg=="],

    "safer-buffer": ["safer-buffer@2.1.2", "", {}, "sha512-YZo3K82SD7Riyi0E1EQPojLz7kpepnSQI9IyPbHHg1XXXevb5dJI7tpyN2ADxGcQbHG7vcyRHk0cbwqcQriUtg=="],

    "semver": ["semver@7.7.2", "", { "bin": { "semver": "bin/semver.js" } }, "sha512-RF0Fw+rO5AMf9MAyaRXI4AV0Ulj5lMHqVxxdSgiVbixSCXoEmmX/jk0CuJw4+3SqroYO9VoUh+HcuJivvtJemA=="],

    "sharp": ["sharp@0.34.2", "", { "dependencies": { "color": "^4.2.3", "detect-libc": "^2.0.4", "semver": "^7.7.2" }, "optionalDependencies": { "@img/sharp-darwin-arm64": "0.34.2", "@img/sharp-darwin-x64": "0.34.2", "@img/sharp-libvips-darwin-arm64": "1.1.0", "@img/sharp-libvips-darwin-x64": "1.1.0", "@img/sharp-libvips-linux-arm": "1.1.0", "@img/sharp-libvips-linux-arm64": "1.1.0", "@img/sharp-libvips-linux-ppc64": "1.1.0", "@img/sharp-libvips-linux-s390x": "1.1.0", "@img/sharp-libvips-linux-x64": "1.1.0", "@img/sharp-libvips-linuxmusl-arm64": "1.1.0", "@img/sharp-libvips-linuxmusl-x64": "1.1.0", "@img/sharp-linux-arm": "0.34.2", "@img/sharp-linux-arm64": "0.34.2", "@img/sharp-linux-s390x": "0.34.2", "@img/sharp-linux-x64": "0.34.2", "@img/sharp-linuxmusl-arm64": "0.34.2", "@img/sharp-linuxmusl-x64": "0.34.2", "@img/sharp-wasm32": "0.34.2", "@img/sharp-win32-arm64": "0.34.2", "@img/sharp-win32-ia32": "0.34.2", "@img/sharp-win32-x64": "0.34.2" } }, "sha512-lszvBmB9QURERtyKT2bNmsgxXK0ShJrL/fvqlonCo7e6xBF8nT8xU6pW+PMIbLsz0RxQk3rgH9kd8UmvOzlMJg=="],

    "signal-exit": ["signal-exit@4.1.0", "", {}, "sha512-bzyZ1e88w9O1iNJbKnOlvYTrWPDl46O1bG0D3XInv+9tkPrxrN8jUUTiFlDkkmKWgn1M6CfIA13SuGqOa9Korw=="],

    "simple-swizzle": ["simple-swizzle@0.2.2", "", { "dependencies": { "is-arrayish": "^0.3.1" } }, "sha512-JA//kQgZtbuY83m+xT+tXJkmJncGMTFT+C+g2h2R9uxkYIrE2yy9sgmcLhCnw57/WSD+Eh3J97FPEDFnbXnDUg=="],

    "string-width": ["string-width@4.2.3", "", { "dependencies": { "emoji-regex": "^8.0.0", "is-fullwidth-code-point": "^3.0.0", "strip-ansi": "^6.0.1" } }, "sha512-wKyQRQpjJ0sIp62ErSZdGsjMJWsap5oRNihHhu6G7JVO/9jIB6UyevL+tXuOqrng8j/cxKTWyWUwvSTriiZz/g=="],

    "strip-ansi": ["strip-ansi@6.0.1", "", { "dependencies": { "ansi-regex": "^5.0.1" } }, "sha512-Y38VPSHcqkFrCpFnQ9vuSXmquuv5oXOKpGeT6aGrr3o3Gc9AlVa6JBfUSOCnbxGGZF+/0ooI7KrPuUSztUdU5A=="],

    "tmp": ["tmp@0.0.33", "", { "dependencies": { "os-tmpdir": "~1.0.2" } }, "sha512-jRCJlojKnZ3addtTOjdIqoRuPEKBvNXcGYqzO6zWZX8KfKEpnGY5jfggJQ3EjKuu8D4bJRr0y+cYJFmYbImXGw=="],

    "tslib": ["tslib@2.8.1", "", {}, "sha512-oJFu94HQb+KVduSUQL7wnpmqnfmLsOA/nAh6b6EH0wCEoK0/mPeXU6c3wKDV83MkOuHPRHtSXKKU99IBazS/2w=="],

    "type-fest": ["type-fest@0.21.3", "", {}, "sha512-t0rzBq87m3fVcduHDUFhKmyyX+9eo6WQjZvf51Ea/M0Q7+T374Jp1aUiyUl0GKxp8M/OETVHSDvmkyPgvX+X2w=="],

    "typescript": ["typescript@5.8.3", "", { "bin": { "tsc": "bin/tsc", "tsserver": "bin/tsserver" } }, "sha512-p1diW6TqL9L07nNxvRMM7hMMw4c5XOo/1ibL4aAIGmSAt9slTE1Xgw5KWuof2uTOvCg9BY7ZRi+GaF+7sfgPeQ=="],

    "undici-types": ["undici-types@7.8.0", "", {}, "sha512-9UJ2xGDvQ43tYyVMpuHlsgApydB8ZKfVYTsLDhXkFL/6gfkp+U8xTGdh8pMJv1SpZna0zxG1DwsKZsreLbXBxw=="],

    "wrap-ansi": ["wrap-ansi@6.2.0", "", { "dependencies": { "ansi-styles": "^4.0.0", "string-width": "^4.1.0", "strip-ansi": "^6.0.0" } }, "sha512-r6lPcBGxZXlIcymEu7InxDMhdW0KDxpLgoFLcguasxCaJ/SOIZwINatK9KY/tf+ZrlywOKU0UDj3ATXUBfxJXA=="],

    "yoctocolors-cjs": ["yoctocolors-cjs@2.1.2", "", {}, "sha512-cYVsTjKl8b+FrnidjibDWskAv7UKOfcwaVZdp/it9n1s9fU3IkgDbhdIRKCW4JDsAlECJY0ytoVPT3sK6kideA=="],
  }
}
